
Microsoft Visual Studio Solution File, Format Version 12.00
Project("{2150E333-8FDC-42A3-9474-1A3956D46DE8}") = "src", "src", "{4CA07B4C-DA49-4BCE-BFEA-C10AE43F0660}"
EndProject
Project("{FAE04EC0-301F-11D3-BF4B-00C04F79EFBC}") = "Gamestore.API", "src\Gamestore.API\Gamestore.API.csproj", "{6960A2F4-B563-43B2-91D6-3A0BD0EB9F86}"
EndProject
Project("{FAE04EC0-301F-11D3-BF4B-00C04F79EFBC}") = "Gamestore.DAL", "src\Gamestore.DAL\Gamestore.DAL.csproj", "{ADBFDC03-AF82-4A55-BD32-CEAD4654C421}"
EndProject
Project("{FAE04EC0-301F-11D3-BF4B-00C04F79EFBC}") = "Gamestore.BLL", "src\Gamestore.BLL\Gamestore.BLL.csproj", "{FDB38AFE-6363-4EA6-87BB-2BD4DE6331D2}"
EndProject
Global
	GlobalSection(SolutionConfigurationPlatforms) = preSolution
		Debug|Any CPU = Debug|Any CPU
		Release|Any CPU = Release|Any CPU
	EndGlobalSection
	GlobalSection(ProjectConfigurationPlatforms) = postSolution
		{6960A2F4-B563-43B2-91D6-3A0BD0EB9F86}.Debug|Any CPU.ActiveCfg = Debug|Any CPU
		{6960A2F4-B563-43B2-91D6-3A0BD0EB9F86}.Debug|Any CPU.Build.0 = Debug|Any CPU
		{6960A2F4-B563-43B2-91D6-3A0BD0EB9F86}.Release|Any CPU.ActiveCfg = Release|Any CPU
		{6960A2F4-B563-43B2-91D6-3A0BD0EB9F86}.Release|Any CPU.Build.0 = Release|Any CPU
		{ADBFDC03-AF82-4A55-BD32-CEAD4654C421}.Debug|Any CPU.ActiveCfg = Debug|Any CPU
		{ADBFDC03-AF82-4A55-BD32-CEAD4654C421}.Debug|Any CPU.Build.0 = Debug|Any CPU
		{ADBFDC03-AF82-4A55-BD32-CEAD4654C421}.Release|Any CPU.ActiveCfg = Release|Any CPU
		{ADBFDC03-AF82-4A55-BD32-CEAD4654C421}.Release|Any CPU.Build.0 = Release|Any CPU
		{FDB38AFE-6363-4EA6-87BB-2BD4DE6331D2}.Debug|Any CPU.ActiveCfg = Debug|Any CPU
		{FDB38AFE-6363-4EA6-87BB-2BD4DE6331D2}.Debug|Any CPU.Build.0 = Debug|Any CPU
		{FDB38AFE-6363-4EA6-87BB-2BD4DE6331D2}.Release|Any CPU.ActiveCfg = Release|Any CPU
		{FDB38AFE-6363-4EA6-87BB-2BD4DE6331D2}.Release|Any CPU.Build.0 = Release|Any CPU
	EndGlobalSection
	GlobalSection(NestedProjects) = preSolution
		{6960A2F4-B563-43B2-91D6-3A0BD0EB9F86} = {4CA07B4C-DA49-4BCE-BFEA-C10AE43F0660}
		{ADBFDC03-AF82-4A55-BD32-CEAD4654C421} = {4CA07B4C-DA49-4BCE-BFEA-C10AE43F0660}
		{FDB38AFE-6363-4EA6-87BB-2BD4DE6331D2} = {4CA07B4C-DA49-4BCE-BFEA-C10AE43F0660}
	EndGlobalSection
EndGlobal
